
Microsoft Visual Studio Solution File, Format Version 12.00
# Visual Studio 15
VisualStudioVersion = 15.0.28010.2050
MinimumVisualStudioVersion = 10.0.40219.1
Project("{FAE04EC0-301F-11D3-BF4B-00C04F79EFBC}") = "RIMS", "RIMS\RIMS.csproj", "{B0C5269A-BF66-4FD6-9AE4-27E1543C6696}"
EndProject
Global
	GlobalSection(SolutionConfigurationPlatforms) = preSolution
		Debug|Any CPU = Debug|Any CPU
		Release|Any CPU = Release|Any CPU
	EndGlobalSection
	GlobalSection(ProjectConfigurationPlatforms) = postSolution
		{B0C5269A-BF66-4FD6-9AE4-27E1543C6696}.Debug|Any CPU.ActiveCfg = Debug|Any CPU
		{B0C5269A-BF66-4FD6-9AE4-27E1543C6696}.Debug|Any CPU.Build.0 = Debug|Any CPU
		{B0C5269A-BF66-4FD6-9AE4-27E1543C6696}.Release|Any CPU.ActiveCfg = Release|Any CPU
		{B0C5269A-BF66-4FD6-9AE4-27E1543C6696}.Release|Any CPU.Build.0 = Release|Any CPU
	EndGlobalSection
	GlobalSection(SolutionProperties) = preSolution
		HideSolutionNode = FALSE
	EndGlobalSection
	GlobalSection(ExtensibilityGlobals) = postSolution
		SolutionGuid = {4CD1114C-718A-4E6C-91CC-D0E654AB93E6}
	EndGlobalSection
EndGlobal
